
Microsoft Visual Studio Solution File, Format Version 12.00
# Visual Studio Version 17
VisualStudioVersion = 17.7.34221.43
MinimumVisualStudioVersion = 10.0.40219.1
Project("{FAE04EC0-301F-11D3-BF4B-00C04F79EFBC}") = "API Melem", "Melem2.0\API Melem.csproj", "{08DCAFF8-7394-45B5-AC8D-6617F84DE617}"
EndProject
Project("{FAE04EC0-301F-11D3-BF4B-00C04F79EFBC}") = "BLL", "BLL\BLL.csproj", "{8AE273A4-EEAE-4D4A-BB4E-F33E269CFE04}"
EndProject
Project("{FAE04EC0-301F-11D3-BF4B-00C04F79EFBC}") = "DAL", "DAL\DAL.csproj", "{46DD63CD-BEAD-4BBC-9E8F-F99664328F53}"
EndProject
Global
	GlobalSection(SolutionConfigurationPlatforms) = preSolution
		Debug|Any CPU = Debug|Any CPU
		Release|Any CPU = Release|Any CPU
	EndGlobalSection
	GlobalSection(ProjectConfigurationPlatforms) = postSolution
		{08DCAFF8-7394-45B5-AC8D-6617F84DE617}.Debug|Any CPU.ActiveCfg = Debug|Any CPU
		{08DCAFF8-7394-45B5-AC8D-6617F84DE617}.Debug|Any CPU.Build.0 = Debug|Any CPU
		{08DCAFF8-7394-45B5-AC8D-6617F84DE617}.Release|Any CPU.ActiveCfg = Release|Any CPU
		{08DCAFF8-7394-45B5-AC8D-6617F84DE617}.Release|Any CPU.Build.0 = Release|Any CPU
		{8AE273A4-EEAE-4D4A-BB4E-F33E269CFE04}.Debug|Any CPU.ActiveCfg = Debug|Any CPU
		{8AE273A4-EEAE-4D4A-BB4E-F33E269CFE04}.Debug|Any CPU.Build.0 = Debug|Any CPU
		{8AE273A4-EEAE-4D4A-BB4E-F33E269CFE04}.Release|Any CPU.ActiveCfg = Release|Any CPU
		{8AE273A4-EEAE-4D4A-BB4E-F33E269CFE04}.Release|Any CPU.Build.0 = Release|Any CPU
		{46DD63CD-BEAD-4BBC-9E8F-F99664328F53}.Debug|Any CPU.ActiveCfg = Debug|Any CPU
		{46DD63CD-BEAD-4BBC-9E8F-F99664328F53}.Debug|Any CPU.Build.0 = Debug|Any CPU
		{46DD63CD-BEAD-4BBC-9E8F-F99664328F53}.Release|Any CPU.ActiveCfg = Release|Any CPU
		{46DD63CD-BEAD-4BBC-9E8F-F99664328F53}.Release|Any CPU.Build.0 = Release|Any CPU
	EndGlobalSection
	GlobalSection(SolutionProperties) = preSolution
		HideSolutionNode = FALSE
	EndGlobalSection
	GlobalSection(ExtensibilityGlobals) = postSolution
		SolutionGuid = {403AD93C-A51A-4C17-8378-23159011B217}
	EndGlobalSection
EndGlobal
